{
    "name": "@yume-chan/adb-backend-web",
    "version": "0.0.1",
    "lockfileVersion": 1,
    "requires": true,
    "dependencies": {
        "@types/w3c-web-usb": {
            "version": "1.0.4",
            "resolved": "https://registry.npmjs.org/@types/w3c-web-usb/-/w3c-web-usb-1.0.4.tgz",
            "integrity": "sha512-aaOB3EL5WCWBBOYX7W1MKuzspOM9ZJI9s3iziRVypr1N+QyvIgXzCM4lm1iiOQ1VFzZioUPX9bsa23myCbKK4A=="
        },
        "tslib": {
            "version": "2.0.1",
            "resolved": "https://registry.npmjs.org/tslib/-/tslib-2.0.1.tgz",
            "integrity": "sha512-SgIkNheinmEBgx1IUNirK0TUD4X9yjjBRTqqjggWCU3pUEqIk3/Uwl3yRixYKT6WjQuGiwDv4NomL3wqRCj+CQ=="
        },
        "typescript": {
            "version": "4.0.2",
            "resolved": "https://registry.npmjs.org/typescript/-/typescript-4.0.2.tgz",
            "integrity": "sha512-e4ERvRV2wb+rRZ/IQeb3jm2VxBsirQLpQhdxplZ2MEzGvDkkMmPglecnNDfSUBivMjP93vRbngYYDQqQ/78bcQ==",
            "dev": true
        }
    }
}
