{
	"name": "webpack-config",
	"version": "0.0.0",
	"lockfileVersion": 1,
	"requires": true,
	"dependencies": {
		"@types/anymatch": {
			"version": "1.3.1",
			"resolved": "https://registry.npmjs.org/@types/anymatch/-/anymatch-1.3.1.tgz",
			"integrity": "sha512-/+CRPXpBDpo2RK9C68N3b2cOvO0Cf5B9aPijHsoDQTHivnGSObdOF2BRQOYjojWTDy6nQvMjmqRXIxH55VjxxA==",
			"dev": true
		},
		"@types/body-parser": {
			"version": "1.19.0",
			"resolved": "https://registry.npmjs.org/@types/body-parser/-/body-parser-1.19.0.tgz",
			"integrity": "sha512-W98JrE0j2K78swW4ukqMleo8R7h/pFETjM2DQ90MF6XK2i4LO4W3gQ71Lt4w3bfm2EvVSyWHplECvB5sK22yFQ==",
			"dev": true,
			"requires": {
				"@types/connect": "*",
				"@types/node": "*"
			}
		},
		"@types/connect": {
			"version": "3.4.33",
			"resolved": "https://registry.npmjs.org/@types/connect/-/connect-3.4.33.tgz",
			"integrity": "sha512-2+FrkXY4zllzTNfJth7jOqEHC+enpLeGslEhpnTAkg21GkRrWV4SsAtqchtT4YS9/nODBU2/ZfsBY2X4J/dX7A==",
			"dev": true,
			"requires": {
				"@types/node": "*"
			}
		},
		"@types/connect-history-api-fallback": {
			"version": "1.3.3",
			"resolved": "https://registry.npmjs.org/@types/connect-history-api-fallback/-/connect-history-api-fallback-1.3.3.tgz",
			"integrity": "sha512-7SxFCd+FLlxCfwVwbyPxbR4khL9aNikJhrorw8nUIOqeuooc9gifBuDQOJw5kzN7i6i3vLn9G8Wde/4QDihpYw==",
			"dev": true,
			"requires": {
				"@types/express-serve-static-core": "*",
				"@types/node": "*"
			}
		},
		"@types/express": {
			"version": "4.17.7",
			"resolved": "https://registry.npmjs.org/@types/express/-/express-4.17.7.tgz",
			"integrity": "sha512-dCOT5lcmV/uC2J9k0rPafATeeyz+99xTt54ReX11/LObZgfzJqZNcW27zGhYyX+9iSEGXGt5qLPwRSvBZcLvtQ==",
			"dev": true,
			"requires": {
				"@types/body-parser": "*",
				"@types/express-serve-static-core": "*",
				"@types/qs": "*",
				"@types/serve-static": "*"
			}
		},
		"@types/express-serve-static-core": {
			"version": "4.17.9",
			"resolved": "https://registry.npmjs.org/@types/express-serve-static-core/-/express-serve-static-core-4.17.9.tgz",
			"integrity": "sha512-DG0BYg6yO+ePW+XoDENYz8zhNGC3jDDEpComMYn7WJc4mY1Us8Rw9ax2YhJXxpyk2SF47PQAoQ0YyVT1a0bEkA==",
			"dev": true,
			"requires": {
				"@types/node": "*",
				"@types/qs": "*",
				"@types/range-parser": "*"
			}
		},
		"@types/http-proxy": {
			"version": "1.17.4",
			"resolved": "https://registry.npmjs.org/@types/http-proxy/-/http-proxy-1.17.4.tgz",
			"integrity": "sha512-IrSHl2u6AWXduUaDLqYpt45tLVCtYv7o4Z0s1KghBCDgIIS9oW5K1H8mZG/A2CfeLdEa7rTd1ACOiHBc1EMT2Q==",
			"dev": true,
			"requires": {
				"@types/node": "*"
			}
		},
		"@types/http-proxy-middleware": {
			"version": "0.19.3",
			"resolved": "https://registry.npmjs.org/@types/http-proxy-middleware/-/http-proxy-middleware-0.19.3.tgz",
			"integrity": "sha512-lnBTx6HCOUeIJMLbI/LaL5EmdKLhczJY5oeXZpX/cXE4rRqb3RmV7VcMpiEfYkmTjipv3h7IAyIINe4plEv7cA==",
			"dev": true,
			"requires": {
				"@types/connect": "*",
				"@types/http-proxy": "*",
				"@types/node": "*"
			}
		},
		"@types/mime": {
			"version": "2.0.3",
			"resolved": "https://registry.npmjs.org/@types/mime/-/mime-2.0.3.tgz",
			"integrity": "sha512-Jus9s4CDbqwocc5pOAnh8ShfrnMcPHuJYzVcSUU7lrh8Ni5HuIqX3oilL86p3dlTrk0LzHRCgA/GQ7uNCw6l2Q==",
			"dev": true
		},
		"@types/mini-css-extract-plugin": {
			"version": "0.9.1",
			"resolved": "https://registry.npmjs.org/@types/mini-css-extract-plugin/-/mini-css-extract-plugin-0.9.1.tgz",
			"integrity": "sha512-+mN04Oszdz9tGjUP/c1ReVwJXxSniLd7lF++sv+8dkABxVNthg6uccei+4ssKxRHGoMmPxdn7uBdJWONSJGTGQ==",
			"dev": true,
			"requires": {
				"@types/webpack": "*"
			}
		},
		"@types/node": {
			"version": "14.6.4",
			"resolved": "https://registry.npmjs.org/@types/node/-/node-14.6.4.tgz",
			"integrity": "sha512-Wk7nG1JSaMfMpoMJDKUsWYugliB2Vy55pdjLpmLixeyMi7HizW2I/9QoxsPCkXl3dO+ZOVqPumKaDUv5zJu2uQ==",
			"dev": true
		},
		"@types/qs": {
			"version": "6.9.4",
			"resolved": "https://registry.npmjs.org/@types/qs/-/qs-6.9.4.tgz",
			"integrity": "sha512-+wYo+L6ZF6BMoEjtf8zB2esQsqdV6WsjRK/GP9WOgLPrq87PbNWgIxS76dS5uvl/QXtHGakZmwTznIfcPXcKlQ==",
			"dev": true
		},
		"@types/range-parser": {
			"version": "1.2.3",
			"resolved": "https://registry.npmjs.org/@types/range-parser/-/range-parser-1.2.3.tgz",
			"integrity": "sha512-ewFXqrQHlFsgc09MK5jP5iR7vumV/BYayNC6PgJO2LPe8vrnNFyjQjSppfEngITi0qvfKtzFvgKymGheFM9UOA==",
			"dev": true
		},
		"@types/serve-static": {
			"version": "1.13.5",
			"resolved": "https://registry.npmjs.org/@types/serve-static/-/serve-static-1.13.5.tgz",
			"integrity": "sha512-6M64P58N+OXjU432WoLLBQxbA0LRGBCRm7aAGQJ+SMC1IMl0dgRVi9EFfoDcS2a7Xogygk/eGN94CfwU9UF7UQ==",
			"dev": true,
			"requires": {
				"@types/express-serve-static-core": "*",
				"@types/mime": "*"
			}
		},
		"@types/source-list-map": {
			"version": "0.1.2",
			"resolved": "https://registry.npmjs.org/@types/source-list-map/-/source-list-map-0.1.2.tgz",
			"integrity": "sha512-K5K+yml8LTo9bWJI/rECfIPrGgxdpeNbj+d53lwN4QjW1MCwlkhUms+gtdzigTeUyBr09+u8BwOIY3MXvHdcsA==",
			"dev": true
		},
		"@types/tapable": {
			"version": "1.0.6",
			"resolved": "https://registry.npmjs.org/@types/tapable/-/tapable-1.0.6.tgz",
			"integrity": "sha512-W+bw9ds02rAQaMvaLYxAbJ6cvguW/iJXNT6lTssS1ps6QdrMKttqEAMEG/b5CR8TZl3/L7/lH0ZV5nNR1LXikA==",
			"dev": true
		},
		"@types/uglify-js": {
			"version": "3.9.3",
			"resolved": "https://registry.npmjs.org/@types/uglify-js/-/uglify-js-3.9.3.tgz",
			"integrity": "sha512-KswB5C7Kwduwjj04Ykz+AjvPcfgv/37Za24O2EDzYNbwyzOo8+ydtvzUfZ5UMguiVu29Gx44l1A6VsPPcmYu9w==",
			"dev": true,
			"requires": {
				"source-map": "^0.6.1"
			}
		},
		"@types/webpack": {
			"version": "4.41.21",
			"resolved": "https://registry.npmjs.org/@types/webpack/-/webpack-4.41.21.tgz",
			"integrity": "sha512-2j9WVnNrr/8PLAB5csW44xzQSJwS26aOnICsP3pSGCEdsu6KYtfQ6QJsVUKHWRnm1bL7HziJsfh5fHqth87yKA==",
			"dev": true,
			"requires": {
				"@types/anymatch": "*",
				"@types/node": "*",
				"@types/tapable": "*",
				"@types/uglify-js": "*",
				"@types/webpack-sources": "*",
				"source-map": "^0.6.0"
			}
		},
		"@types/webpack-dev-server": {
			"version": "3.11.0",
			"resolved": "https://registry.npmjs.org/@types/webpack-dev-server/-/webpack-dev-server-3.11.0.tgz",
			"integrity": "sha512-3+86AgSzl18n5P1iUP9/lz3G3GMztCp+wxdDvVuNhx1sr1jE79GpYfKHL8k+Vht3N74K2n98CuAEw4YPJCYtDA==",
			"dev": true,
			"requires": {
				"@types/connect-history-api-fallback": "*",
				"@types/express": "*",
				"@types/http-proxy-middleware": "*",
				"@types/serve-static": "*",
				"@types/webpack": "*"
			}
		},
		"@types/webpack-sources": {
			"version": "1.4.2",
			"resolved": "https://registry.npmjs.org/@types/webpack-sources/-/webpack-sources-1.4.2.tgz",
			"integrity": "sha512-77T++JyKow4BQB/m9O96n9d/UUHWLQHlcqXb9Vsf4F1+wKNrrlWNFPDLKNT92RJnCSL6CieTc+NDXtCVZswdTw==",
			"dev": true,
			"requires": {
				"@types/node": "*",
				"@types/source-list-map": "*",
				"source-map": "^0.7.3"
			},
			"dependencies": {
				"source-map": {
					"version": "0.7.3",
					"resolved": "https://registry.npmjs.org/source-map/-/source-map-0.7.3.tgz",
					"integrity": "sha512-CkCj6giN3S+n9qrYiBTX5gystlENnRW5jZeNLHpe6aue+SrHcG5VYwujhW9s4dY31mEGsxBDrHR6oI69fTXsaQ==",
					"dev": true
				}
			}
		},
		"source-map": {
			"version": "0.6.1",
			"resolved": "https://registry.npmjs.org/source-map/-/source-map-0.6.1.tgz",
			"integrity": "sha512-UjgapumWlbMhkBgzT7Ykc5YXUT46F0iKu8SGXq0bcwP5dz/h0Plj6enJqjz1Zbq2l5WaqYnrVbwWOWMyF3F47g==",
			"dev": true
		},
		"typescript": {
			"version": "4.0.2",
			"resolved": "https://registry.npmjs.org/typescript/-/typescript-4.0.2.tgz",
			"integrity": "sha512-e4ERvRV2wb+rRZ/IQeb3jm2VxBsirQLpQhdxplZ2MEzGvDkkMmPglecnNDfSUBivMjP93vRbngYYDQqQ/78bcQ==",
			"dev": true
		}
	}
}
