{
	"name": "@yume-chan/adb",
	"version": "0.0.1",
	"lockfileVersion": 1,
	"requires": true,
	"dependencies": {
		"@yume-chan/async-operation-manager": {
			"version": "2.0.0",
			"resolved": "https://registry.npmjs.org/@yume-chan/async-operation-manager/-/async-operation-manager-2.0.0.tgz",
			"integrity": "sha512-Nqd2dZFFzjXUuVjQwJb1ODmSa7zFwqsNWkJnFrtD5PO+7fR4eWOh4adnS76rV2tSsr/fQnOlwsmFlY1UGI1EdA=="
		},
		"tslib": {
			"version": "2.0.1",
			"resolved": "https://registry.npmjs.org/tslib/-/tslib-2.0.1.tgz",
			"integrity": "sha512-SgIkNheinmEBgx1IUNirK0TUD4X9yjjBRTqqjggWCU3pUEqIk3/Uwl3yRixYKT6WjQuGiwDv4NomL3wqRCj+CQ=="
		},
		"typescript": {
			"version": "4.0.3",
			"resolved": "https://registry.npmjs.org/typescript/-/typescript-4.0.3.tgz",
			"integrity": "sha512-tEu6DGxGgRJPb/mVPIZ48e69xCn2yRmCgYmDugAVwmJ6o+0u1RI18eO7E7WBTLYLaEVVOhwQmcdhQHweux/WPg==",
			"dev": true
		}
	}
}
