{
	"name": "@yume-chan/adb",
	"version": "0.0.1",
	"lockfileVersion": 1,
	"requires": true,
	"dependencies": {
		"@yume-chan/async-operation-manager": {
			"version": "2.1.0",
			"resolved": "https://registry.npmjs.org/@yume-chan/async-operation-manager/-/async-operation-manager-2.1.0.tgz",
			"integrity": "sha512-Mfc4FfEm2Ah6tm09iE1JYmY3ZZ7bzDQ92A0XBNrc5QnCjVm81rflSuIBbvWCXVZNEVt1VHUZWE/ghpAFPz8hIw=="
		},
		"tslib": {
			"version": "2.0.3",
			"resolved": "https://registry.npmjs.org/tslib/-/tslib-2.0.3.tgz",
			"integrity": "sha512-uZtkfKblCEQtZKBF6EBXVZeQNl82yqtDQdv+eck8u7tdPxjLu2/lp5/uPW+um2tpuxINHWy3GhiccY7QgEaVHQ=="
		},
		"typescript": {
			"version": "4.1.2",
			"resolved": "https://registry.npmjs.org/typescript/-/typescript-4.1.2.tgz",
			"integrity": "sha512-thGloWsGH3SOxv1SoY7QojKi0tc+8FnOmiarEGMbd/lar7QOEd3hvlx3Fp5y6FlDUGl9L+pd4n2e+oToGMmhRQ==",
			"dev": true
		}
	}
}
