lockfileVersion: '6.0'

settings:
  autoInstallPeers: true
  excludeLinksFromLockfile: false

dependencies:
  '@yume-chan/fetch-scrcpy-server':
    specifier: link:../..
    version: link:../..

devDependencies:
  '@types/node':
    specifier: ^20.11.5
    version: 20.11.5
  serve:
    specifier: ^14.2.1
    version: 14.2.1
  webpack:
    specifier: ^5.89.0
    version: 5.89.0(webpack-cli@5.1.4)
  webpack-cli:
    specifier: ^5.1.4
    version: 5.1.4(webpack@5.89.0)

packages:

  /@discoveryjs/json-ext@0.5.7:
    resolution: {integrity: sha512-dBVuXR082gk3jsFp7Rd/JI4kytwGHecnCoTtXFb7DB6CNHp4rg5k1bhg0nWdLGLnOV71lmDzGQaLMy8iPLY0pw==}
    engines: {node: '>=10.0.0'}
    dev: true

  /@jridgewell/gen-mapping@0.3.3:
    resolution: {integrity: sha512-HLhSWOLRi875zjjMG/r+Nv0oCW8umGb0BgEhyX3dDX3egwZtB8PqLnjz3yedt8R5StBrzcg4aBpnh8UA9D1BoQ==}
    engines: {node: '>=6.0.0'}
    dependencies:
      '@jridgewell/set-array': 1.1.2
      '@jridgewell/sourcemap-codec': 1.4.15
      '@jridgewell/trace-mapping': 0.3.22
    dev: true

  /@jridgewell/resolve-uri@3.1.1:
    resolution: {integrity: sha512-dSYZh7HhCDtCKm4QakX0xFpsRDqjjtZf/kjI/v3T3Nwt5r8/qz/M19F9ySyOqU94SXBmeG9ttTul+YnR4LOxFA==}
    engines: {node: '>=6.0.0'}
    dev: true

  /@jridgewell/set-array@1.1.2:
    resolution: {integrity: sha512-xnkseuNADM0gt2bs+BvhO0p78Mk762YnZdsuzFV018NoG1Sj1SCQvpSqa7XUaTam5vAGasABV9qXASMKnFMwMw==}
    engines: {node: '>=6.0.0'}
    dev: true

  /@jridgewell/source-map@0.3.5:
    resolution: {integrity: sha512-UTYAUj/wviwdsMfzoSJspJxbkH5o1snzwX0//0ENX1u/55kkZZkcTZP6u9bwKGkv+dkk9at4m1Cpt0uY80kcpQ==}
    dependencies:
      '@jridgewell/gen-mapping': 0.3.3
      '@jridgewell/trace-mapping': 0.3.22
    dev: true

  /@jridgewell/sourcemap-codec@1.4.15:
    resolution: {integrity: sha512-eF2rxCRulEKXHTRiDrDy6erMYWqNw4LPdQ8UQA4huuxaQsVeRPFl2oM8oDGxMFhJUWZf9McpLtJasDDZb/Bpeg==}
    dev: true

  /@jridgewell/trace-mapping@0.3.22:
    resolution: {integrity: sha512-Wf963MzWtA2sjrNt+g18IAln9lKnlRp+K2eH4jjIoF1wYeq3aMREpG09xhlhdzS0EjwU7qmUJYangWa+151vZw==}
    dependencies:
      '@jridgewell/resolve-uri': 3.1.1
      '@jridgewell/sourcemap-codec': 1.4.15
    dev: true

  /@types/eslint-scope@3.7.7:
    resolution: {integrity: sha512-MzMFlSLBqNF2gcHWO0G1vP/YQyfvrxZ0bF+u7mzUdZ1/xK4A4sru+nraZz5i3iEIk1l1uyicaDVTB4QbbEkAYg==}
    dependencies:
      '@types/eslint': 8.56.2
      '@types/estree': 1.0.5
    dev: true

  /@types/eslint@8.56.2:
    resolution: {integrity: sha512-uQDwm1wFHmbBbCZCqAlq6Do9LYwByNZHWzXppSnay9SuwJ+VRbjkbLABer54kcPnMSlG6Fdiy2yaFXm/z9Z5gw==}
    dependencies:
      '@types/estree': 1.0.5
      '@types/json-schema': 7.0.15
    dev: true

  /@types/estree@1.0.5:
    resolution: {integrity: sha512-/kYRxGDLWzHOB7q+wtSUQlFrtcdUccpfy+X+9iMBpHK8QLLhx2wIPYuS5DYtR9Wa/YlZAbIovy7qVdB1Aq6Lyw==}
    dev: true

  /@types/json-schema@7.0.15:
    resolution: {integrity: sha512-5+fP8P8MFNC+AyZCDxrB2pkZFPGzqQWUzpSeuuVLvm8VMcorNYavBqoFcxK8bQz4Qsbn4oUEEem4wDLfcysGHA==}
    dev: true

  /@types/node@20.11.5:
    resolution: {integrity: sha512-g557vgQjUUfN76MZAN/dt1z3dzcUsimuysco0KeluHgrPdJXkP/XdAURgyO2W9fZWHRtRBiVKzKn8vyOAwlG+w==}
    dependencies:
      undici-types: 5.26.5
    dev: true

  /@webassemblyjs/ast@1.11.6:
    resolution: {integrity: sha512-IN1xI7PwOvLPgjcf180gC1bqn3q/QaOCwYUahIOhbYUu8KA/3tw2RT/T0Gidi1l7Hhj5D/INhJxiICObqpMu4Q==}
    dependencies:
      '@webassemblyjs/helper-numbers': 1.11.6
      '@webassemblyjs/helper-wasm-bytecode': 1.11.6
    dev: true

  /@webassemblyjs/floating-point-hex-parser@1.11.6:
    resolution: {integrity: sha512-ejAj9hfRJ2XMsNHk/v6Fu2dGS+i4UaXBXGemOfQ/JfQ6mdQg/WXtwleQRLLS4OvfDhv8rYnVwH27YJLMyYsxhw==}
    dev: true

  /@webassemblyjs/helper-api-error@1.11.6:
    resolution: {integrity: sha512-o0YkoP4pVu4rN8aTJgAyj9hC2Sv5UlkzCHhxqWj8butaLvnpdc2jOwh4ewE6CX0txSfLn/UYaV/pheS2Txg//Q==}
    dev: true

  /@webassemblyjs/helper-buffer@1.11.6:
    resolution: {integrity: sha512-z3nFzdcp1mb8nEOFFk8DrYLpHvhKC3grJD2ardfKOzmbmJvEf/tPIqCY+sNcwZIY8ZD7IkB2l7/pqhUhqm7hLA==}
    dev: true

  /@webassemblyjs/helper-numbers@1.11.6:
    resolution: {integrity: sha512-vUIhZ8LZoIWHBohiEObxVm6hwP034jwmc9kuq5GdHZH0wiLVLIPcMCdpJzG4C11cHoQ25TFIQj9kaVADVX7N3g==}
    dependencies:
      '@webassemblyjs/floating-point-hex-parser': 1.11.6
      '@webassemblyjs/helper-api-error': 1.11.6
      '@xtuc/long': 4.2.2
    dev: true

  /@webassemblyjs/helper-wasm-bytecode@1.11.6:
    resolution: {integrity: sha512-sFFHKwcmBprO9e7Icf0+gddyWYDViL8bpPjJJl0WHxCdETktXdmtWLGVzoHbqUcY4Be1LkNfwTmXOJUFZYSJdA==}
    dev: true

  /@webassemblyjs/helper-wasm-section@1.11.6:
    resolution: {integrity: sha512-LPpZbSOwTpEC2cgn4hTydySy1Ke+XEu+ETXuoyvuyezHO3Kjdu90KK95Sh9xTbmjrCsUwvWwCOQQNta37VrS9g==}
    dependencies:
      '@webassemblyjs/ast': 1.11.6
      '@webassemblyjs/helper-buffer': 1.11.6
      '@webassemblyjs/helper-wasm-bytecode': 1.11.6
      '@webassemblyjs/wasm-gen': 1.11.6
    dev: true

  /@webassemblyjs/ieee754@1.11.6:
    resolution: {integrity: sha512-LM4p2csPNvbij6U1f19v6WR56QZ8JcHg3QIJTlSwzFcmx6WSORicYj6I63f9yU1kEUtrpG+kjkiIAkevHpDXrg==}
    dependencies:
      '@xtuc/ieee754': 1.2.0
    dev: true

  /@webassemblyjs/leb128@1.11.6:
    resolution: {integrity: sha512-m7a0FhE67DQXgouf1tbN5XQcdWoNgaAuoULHIfGFIEVKA6tu/edls6XnIlkmS6FrXAquJRPni3ZZKjw6FSPjPQ==}
    dependencies:
      '@xtuc/long': 4.2.2
    dev: true

  /@webassemblyjs/utf8@1.11.6:
    resolution: {integrity: sha512-vtXf2wTQ3+up9Zsg8sa2yWiQpzSsMyXj0qViVP6xKGCUT8p8YJ6HqI7l5eCnWx1T/FYdsv07HQs2wTFbbof/RA==}
    dev: true

  /@webassemblyjs/wasm-edit@1.11.6:
    resolution: {integrity: sha512-Ybn2I6fnfIGuCR+Faaz7YcvtBKxvoLV3Lebn1tM4o/IAJzmi9AWYIPWpyBfU8cC+JxAO57bk4+zdsTjJR+VTOw==}
    dependencies:
      '@webassemblyjs/ast': 1.11.6
      '@webassemblyjs/helper-buffer': 1.11.6
      '@webassemblyjs/helper-wasm-bytecode': 1.11.6
      '@webassemblyjs/helper-wasm-section': 1.11.6
      '@webassemblyjs/wasm-gen': 1.11.6
      '@webassemblyjs/wasm-opt': 1.11.6
      '@webassemblyjs/wasm-parser': 1.11.6
      '@webassemblyjs/wast-printer': 1.11.6
    dev: true

  /@webassemblyjs/wasm-gen@1.11.6:
    resolution: {integrity: sha512-3XOqkZP/y6B4F0PBAXvI1/bky7GryoogUtfwExeP/v7Nzwo1QLcq5oQmpKlftZLbT+ERUOAZVQjuNVak6UXjPA==}
    dependencies:
      '@webassemblyjs/ast': 1.11.6
      '@webassemblyjs/helper-wasm-bytecode': 1.11.6
      '@webassemblyjs/ieee754': 1.11.6
      '@webassemblyjs/leb128': 1.11.6
      '@webassemblyjs/utf8': 1.11.6
    dev: true

  /@webassemblyjs/wasm-opt@1.11.6:
    resolution: {integrity: sha512-cOrKuLRE7PCe6AsOVl7WasYf3wbSo4CeOk6PkrjS7g57MFfVUF9u6ysQBBODX0LdgSvQqRiGz3CXvIDKcPNy4g==}
    dependencies:
      '@webassemblyjs/ast': 1.11.6
      '@webassemblyjs/helper-buffer': 1.11.6
      '@webassemblyjs/wasm-gen': 1.11.6
      '@webassemblyjs/wasm-parser': 1.11.6
    dev: true

  /@webassemblyjs/wasm-parser@1.11.6:
    resolution: {integrity: sha512-6ZwPeGzMJM3Dqp3hCsLgESxBGtT/OeCvCZ4TA1JUPYgmhAx38tTPR9JaKy0S5H3evQpO/h2uWs2j6Yc/fjkpTQ==}
    dependencies:
      '@webassemblyjs/ast': 1.11.6
      '@webassemblyjs/helper-api-error': 1.11.6
      '@webassemblyjs/helper-wasm-bytecode': 1.11.6
      '@webassemblyjs/ieee754': 1.11.6
      '@webassemblyjs/leb128': 1.11.6
      '@webassemblyjs/utf8': 1.11.6
    dev: true

  /@webassemblyjs/wast-printer@1.11.6:
    resolution: {integrity: sha512-JM7AhRcE+yW2GWYaKeHL5vt4xqee5N2WcezptmgyhNS+ScggqcT1OtXykhAb13Sn5Yas0j2uv9tHgrjwvzAP4A==}
    dependencies:
      '@webassemblyjs/ast': 1.11.6
      '@xtuc/long': 4.2.2
    dev: true

  /@webpack-cli/configtest@2.1.1(webpack-cli@5.1.4)(webpack@5.89.0):
    resolution: {integrity: sha512-wy0mglZpDSiSS0XHrVR+BAdId2+yxPSoJW8fsna3ZpYSlufjvxnP4YbKTCBZnNIcGN4r6ZPXV55X4mYExOfLmw==}
    engines: {node: '>=14.15.0'}
    peerDependencies:
      webpack: 5.x.x
      webpack-cli: 5.x.x
    dependencies:
      webpack: 5.89.0(webpack-cli@5.1.4)
      webpack-cli: 5.1.4(webpack@5.89.0)
    dev: true

  /@webpack-cli/info@2.0.2(webpack-cli@5.1.4)(webpack@5.89.0):
    resolution: {integrity: sha512-zLHQdI/Qs1UyT5UBdWNqsARasIA+AaF8t+4u2aS2nEpBQh2mWIVb8qAklq0eUENnC5mOItrIB4LiS9xMtph18A==}
    engines: {node: '>=14.15.0'}
    peerDependencies:
      webpack: 5.x.x
      webpack-cli: 5.x.x
    dependencies:
      webpack: 5.89.0(webpack-cli@5.1.4)
      webpack-cli: 5.1.4(webpack@5.89.0)
    dev: true

  /@webpack-cli/serve@2.0.5(webpack-cli@5.1.4)(webpack@5.89.0):
    resolution: {integrity: sha512-lqaoKnRYBdo1UgDX8uF24AfGMifWK19TxPmM5FHc2vAGxrJ/qtyUyFBWoY1tISZdelsQ5fBcOusifo5o5wSJxQ==}
    engines: {node: '>=14.15.0'}
    peerDependencies:
      webpack: 5.x.x
      webpack-cli: 5.x.x
      webpack-dev-server: '*'
    peerDependenciesMeta:
      webpack-dev-server:
        optional: true
    dependencies:
      webpack: 5.89.0(webpack-cli@5.1.4)
      webpack-cli: 5.1.4(webpack@5.89.0)
    dev: true

  /@xtuc/ieee754@1.2.0:
    resolution: {integrity: sha512-DX8nKgqcGwsc0eJSqYt5lwP4DH5FlHnmuWWBRy7X0NcaGR0ZtuyeESgMwTYVEtxmsNGY+qit4QYT/MIYTOTPeA==}
    dev: true

  /@xtuc/long@4.2.2:
    resolution: {integrity: sha512-NuHqBY1PB/D8xU6s/thBgOAiAP7HOYDQ32+BFZILJ8ivkUkAHQnWfn6WhL79Owj1qmUnoN/YPhktdIoucipkAQ==}
    dev: true

  /@zeit/schemas@2.29.0:
    resolution: {integrity: sha512-g5QiLIfbg3pLuYUJPlisNKY+epQJTcMDsOnVNkscrDP1oi7vmJnzOANYJI/1pZcVJ6umUkBv3aFtlg1UvUHGzA==}
    dev: true

  /accepts@1.3.8:
    resolution: {integrity: sha512-PYAthTa2m2VKxuvSD3DPC/Gy+U+sOA1LAuT8mkmRuvw+NACSaeXEQ+NHcVF7rONl6qcaxV3Uuemwawk+7+SJLw==}
    engines: {node: '>= 0.6'}
    dependencies:
      mime-types: 2.1.35
      negotiator: 0.6.3
    dev: true

  /acorn-import-assertions@1.9.0(acorn@8.11.3):
    resolution: {integrity: sha512-cmMwop9x+8KFhxvKrKfPYmN6/pKTYYHBqLa0DfvVZcKMJWNyWLnaqND7dx/qn66R7ewM1UX5XMaDVP5wlVTaVA==}
    peerDependencies:
      acorn: ^8
    dependencies:
      acorn: 8.11.3
    dev: true

  /acorn@8.11.3:
    resolution: {integrity: sha512-Y9rRfJG5jcKOE0CLisYbojUjIrIEE7AGMzA/Sm4BslANhbS+cDMpgBdcPT91oJ7OuJ9hYJBx59RjbhxVnrF8Xg==}
    engines: {node: '>=0.4.0'}
    hasBin: true
    dev: true

  /ajv-keywords@3.5.2(ajv@6.12.6):
    resolution: {integrity: sha512-5p6WTN0DdTGVQk6VjcEju19IgaHudalcfabD7yhDGeA6bcQnmL+CpveLJq/3hvfwd1aof6L386Ougkx6RfyMIQ==}
    peerDependencies:
      ajv: ^6.9.1
    dependencies:
      ajv: 6.12.6
    dev: true

  /ajv@6.12.6:
    resolution: {integrity: sha512-j3fVLgvTo527anyYyJOGTYJbG+vnnQYvE0m5mmkc1TK+nxAppkCLMIL0aZ4dblVCNoGShhm+kzE4ZUykBoMg4g==}
    dependencies:
      fast-deep-equal: 3.1.3
      fast-json-stable-stringify: 2.1.0
      json-schema-traverse: 0.4.1
      uri-js: 4.4.1
    dev: true

  /ajv@8.11.0:
    resolution: {integrity: sha512-wGgprdCvMalC0BztXvitD2hC04YffAvtsUn93JbGXYLAtCUO4xd17mCCZQxUOItiBwZvJScWo8NIvQMQ71rdpg==}
    dependencies:
      fast-deep-equal: 3.1.3
      json-schema-traverse: 1.0.0
      require-from-string: 2.0.2
      uri-js: 4.4.1
    dev: true

  /ansi-align@3.0.1:
    resolution: {integrity: sha512-IOfwwBF5iczOjp/WeY4YxyjqAFMQoZufdQWDd19SEExbVLNXqvpzSJ/M7Za4/sCPmQ0+GRquoA7bGcINcxew6w==}
    dependencies:
      string-width: 4.2.3
    dev: true

  /ansi-regex@5.0.1:
    resolution: {integrity: sha512-quJQXlTSUGL2LH9SUXo8VwsY4soanhgo6LNSm84E1LBcE8s3O0wpdiRzyR9z/ZZJMlMWv37qOOb9pdJlMUEKFQ==}
    engines: {node: '>=8'}
    dev: true

  /ansi-regex@6.0.1:
    resolution: {integrity: sha512-n5M855fKb2SsfMIiFFoVrABHJC8QtHwVx+mHWP3QcEqBHYienj5dHSgjbxtC0WEZXYt4wcD6zrQElDPhFuZgfA==}
    engines: {node: '>=12'}
    dev: true

  /ansi-styles@4.3.0:
    resolution: {integrity: sha512-zbB9rCJAT1rbjiVDb2hqKFHNYLxgtk8NURxZ3IZwD3F6NtxbXZQCnnSi1Lkx+IDohdPlFp222wVALIheZJQSEg==}
    engines: {node: '>=8'}
    dependencies:
      color-convert: 2.0.1
    dev: true

  /ansi-styles@6.2.1:
    resolution: {integrity: sha512-bN798gFfQX+viw3R7yrGWRqnrN2oRkEkUjjl4JNn4E8GxxbjtG3FbrEIIY3l8/hrwUwIeCZvi4QuOTP4MErVug==}
    engines: {node: '>=12'}
    dev: true

  /arch@2.2.0:
    resolution: {integrity: sha512-Of/R0wqp83cgHozfIYLbBMnej79U/SVGOOyuB3VVFv1NRM/PSFMK12x9KVtiYzJqmnU5WR2qp0Z5rHb7sWGnFQ==}
    dev: true

  /arg@5.0.2:
    resolution: {integrity: sha512-PYjyFOLKQ9y57JvQ6QLo8dAgNqswh8M1RMJYdQduT6xbWSgK36P/Z/v+p888pM69jMMfS8Xd8F6I1kQ/I9HUGg==}
    dev: true

  /balanced-match@1.0.2:
    resolution: {integrity: sha512-3oSeUO0TMV67hN1AmbXsK4yaqU7tjiHlbxRDZOpH0KW9+CeX4bRAaX0Anxt0tx2MrpRpWwQaPwIlISEJhYU5Pw==}
    dev: true

  /boxen@7.0.0:
    resolution: {integrity: sha512-j//dBVuyacJbvW+tvZ9HuH03fZ46QcaKvvhZickZqtB271DxJ7SNRSNxrV/dZX0085m7hISRZWbzWlJvx/rHSg==}
    engines: {node: '>=14.16'}
    dependencies:
      ansi-align: 3.0.1
      camelcase: 7.0.1
      chalk: 5.0.1
      cli-boxes: 3.0.0
      string-width: 5.1.2
      type-fest: 2.19.0
      widest-line: 4.0.1
      wrap-ansi: 8.1.0
    dev: true

  /brace-expansion@1.1.11:
    resolution: {integrity: sha512-iCuPHDFgrHX7H2vEI/5xpz07zSHB00TpugqhmYtVmMO6518mCuRMoOYFldEBl0g187ufozdaHgWKcYFb61qGiA==}
    dependencies:
      balanced-match: 1.0.2
      concat-map: 0.0.1
    dev: true

  /browserslist@4.22.2:
    resolution: {integrity: sha512-0UgcrvQmBDvZHFGdYUehrCNIazki7/lUP3kkoi/r3YB2amZbFM9J43ZRkJTXBUZK4gmx56+Sqk9+Vs9mwZx9+A==}
    engines: {node: ^6 || ^7 || ^8 || ^9 || ^10 || ^11 || ^12 || >=13.7}
    hasBin: true
    dependencies:
      caniuse-lite: 1.0.30001579
      electron-to-chromium: 1.4.640
      node-releases: 2.0.14
      update-browserslist-db: 1.0.13(browserslist@4.22.2)
    dev: true

  /buffer-from@1.1.2:
    resolution: {integrity: sha512-E+XQCRwSbaaiChtv6k6Dwgc+bx+Bs6vuKJHHl5kox/BaKbhiXzqQOwK4cO22yElGp2OCmjwVhT3HmxgyPGnJfQ==}
    dev: true

  /bytes@3.0.0:
    resolution: {integrity: sha512-pMhOfFDPiv9t5jjIXkHosWmkSyQbvsgEVNkz0ERHbuLh2T/7j4Mqqpz523Fe8MVY89KC6Sh/QfS2sM+SjgFDcw==}
    engines: {node: '>= 0.8'}
    dev: true

  /camelcase@7.0.1:
    resolution: {integrity: sha512-xlx1yCK2Oc1APsPXDL2LdlNP6+uu8OCDdhOBSVT279M/S+y75O30C2VuD8T2ogdePBBl7PfPF4504tnLgX3zfw==}
    engines: {node: '>=14.16'}
    dev: true

  /caniuse-lite@1.0.30001579:
    resolution: {integrity: sha512-u5AUVkixruKHJjw/pj9wISlcMpgFWzSrczLZbrqBSxukQixmg0SJ5sZTpvaFvxU0HoQKd4yoyAogyrAz9pzJnA==}
    dev: true

  /chalk-template@0.4.0:
    resolution: {integrity: sha512-/ghrgmhfY8RaSdeo43hNXxpoHAtxdbskUHjPpfqUWGttFgycUhYPGx3YZBCnUCvOa7Doivn1IZec3DEGFoMgLg==}
    engines: {node: '>=12'}
    dependencies:
      chalk: 4.1.2
    dev: true

  /chalk@4.1.2:
    resolution: {integrity: sha512-oKnbhFyRIXpUuez8iBMmyEa4nbj4IOQyuhc/wy9kY7/WVPcwIO9VA668Pu8RkO7+0G76SLROeyw9CpQ061i4mA==}
    engines: {node: '>=10'}
    dependencies:
      ansi-styles: 4.3.0
      supports-color: 7.2.0
    dev: true

  /chalk@5.0.1:
    resolution: {integrity: sha512-Fo07WOYGqMfCWHOzSXOt2CxDbC6skS/jO9ynEcmpANMoPrD+W1r1K6Vx7iNm+AQmETU1Xr2t+n8nzkV9t6xh3w==}
    engines: {node: ^12.17.0 || ^14.13 || >=16.0.0}
    dev: true

  /chrome-trace-event@1.0.3:
    resolution: {integrity: sha512-p3KULyQg4S7NIHixdwbGX+nFHkoBiA4YQmyWtjb8XngSKV124nJmRysgAeujbUVb15vh+RvFUfCPqU7rXk+hZg==}
    engines: {node: '>=6.0'}
    dev: true

  /cli-boxes@3.0.0:
    resolution: {integrity: sha512-/lzGpEWL/8PfI0BmBOPRwp0c/wFNX1RdUML3jK/RcSBA9T8mZDdQpqYBKtCFTOfQbwPqWEOpjqW+Fnayc0969g==}
    engines: {node: '>=10'}
    dev: true

  /clipboardy@3.0.0:
    resolution: {integrity: sha512-Su+uU5sr1jkUy1sGRpLKjKrvEOVXgSgiSInwa/qeID6aJ07yh+5NWc3h2QfjHjBnfX4LhtFcuAWKUsJ3r+fjbg==}
    engines: {node: ^12.20.0 || ^14.13.1 || >=16.0.0}
    dependencies:
      arch: 2.2.0
      execa: 5.1.1
      is-wsl: 2.2.0
    dev: true

  /clone-deep@4.0.1:
    resolution: {integrity: sha512-neHB9xuzh/wk0dIHweyAXv2aPGZIVk3pLMe+/RNzINf17fe0OG96QroktYAUm7SM1PBnzTabaLboqqxDyMU+SQ==}
    engines: {node: '>=6'}
    dependencies:
      is-plain-object: 2.0.4
      kind-of: 6.0.3
      shallow-clone: 3.0.1
    dev: true

  /color-convert@2.0.1:
    resolution: {integrity: sha512-RRECPsj7iu/xb5oKYcsFHSppFNnsj/52OVTRKb4zP5onXwVF3zVmmToNcOfGC+CRDpfK/U584fMg38ZHCaElKQ==}
    engines: {node: '>=7.0.0'}
    dependencies:
      color-name: 1.1.4
    dev: true

  /color-name@1.1.4:
    resolution: {integrity: sha512-dOy+3AuW3a2wNbZHIuMZpTcgjGuLU/uBL/ubcZF9OXbDo8ff4O8yVp5Bf0efS8uEoYo5q4Fx7dY9OgQGXgAsQA==}
    dev: true

  /colorette@2.0.20:
    resolution: {integrity: sha512-IfEDxwoWIjkeXL1eXcDiow4UbKjhLdq6/EuSVR9GMN7KVH3r9gQ83e73hsz1Nd1T3ijd5xv1wcWRYO+D6kCI2w==}
    dev: true

  /commander@10.0.1:
    resolution: {integrity: sha512-y4Mg2tXshplEbSGzx7amzPwKKOCGuoSRP/CjEdwwk0FOGlUbq6lKuoyDZTNZkmxHdJtp54hdfY/JUrdL7Xfdug==}
    engines: {node: '>=14'}
    dev: true

  /commander@2.20.3:
    resolution: {integrity: sha512-GpVkmM8vF2vQUkj2LvZmD35JxeJOLCwJ9cUkugyk2nuhbv3+mJvpLYYt+0+USMxE+oj+ey/lJEnhZw75x/OMcQ==}
    dev: true

  /compressible@2.0.18:
    resolution: {integrity: sha512-AF3r7P5dWxL8MxyITRMlORQNaOA2IkAFaTr4k7BUumjPtRpGDTZpl0Pb1XCO6JeDCBdp126Cgs9sMxqSjgYyRg==}
    engines: {node: '>= 0.6'}
    dependencies:
      mime-db: 1.52.0
    dev: true

  /compression@1.7.4:
    resolution: {integrity: sha512-jaSIDzP9pZVS4ZfQ+TzvtiWhdpFhE2RDHz8QJkpX9SIpLq88VueF5jJw6t+6CUQcAoA6t+x89MLrWAqpfDE8iQ==}
    engines: {node: '>= 0.8.0'}
    dependencies:
      accepts: 1.3.8
      bytes: 3.0.0
      compressible: 2.0.18
      debug: 2.6.9
      on-headers: 1.0.2
      safe-buffer: 5.1.2
      vary: 1.1.2
    transitivePeerDependencies:
      - supports-color
    dev: true

  /concat-map@0.0.1:
    resolution: {integrity: sha512-/Srv4dswyQNBfohGpz9o6Yb3Gz3SrUDqBH5rTuhGR7ahtlbYKnVxw2bCFMRljaA7EXHaXZ8wsHdodFvbkhKmqg==}
    dev: true

  /content-disposition@0.5.2:
    resolution: {integrity: sha512-kRGRZw3bLlFISDBgwTSA1TMBFN6J6GWDeubmDE3AF+3+yXL8hTWv8r5rkLbqYXY4RjPk/EzHnClI3zQf1cFmHA==}
    engines: {node: '>= 0.6'}
    dev: true

  /cross-spawn@7.0.3:
    resolution: {integrity: sha512-iRDPJKUPVEND7dHPO8rkbOnPpyDygcDFtWjpeWNCgy8WP2rXcxXL8TskReQl6OrB2G7+UJrags1q15Fudc7G6w==}
    engines: {node: '>= 8'}
    dependencies:
      path-key: 3.1.1
      shebang-command: 2.0.0
      which: 2.0.2
    dev: true

  /debug@2.6.9:
    resolution: {integrity: sha512-bC7ElrdJaJnPbAP+1EotYvqZsb3ecl5wi6Bfi6BJTUcNowp6cvspg0jXznRTKDjm/E7AdgFBVeAPVMNcKGsHMA==}
    peerDependencies:
      supports-color: '*'
    peerDependenciesMeta:
      supports-color:
        optional: true
    dependencies:
      ms: 2.0.0
    dev: true

  /deep-extend@0.6.0:
    resolution: {integrity: sha512-LOHxIOaPYdHlJRtCQfDIVZtfw/ufM8+rVj649RIHzcm/vGwQRXFt6OPqIFWsm2XEMrNIEtWR64sY1LEKD2vAOA==}
    engines: {node: '>=4.0.0'}
    dev: true

  /eastasianwidth@0.2.0:
    resolution: {integrity: sha512-I88TYZWc9XiYHRQ4/3c5rjjfgkjhLyW2luGIheGERbNQ6OY7yTybanSpDXZa8y7VUP9YmDcYa+eyq4ca7iLqWA==}
    dev: true

  /electron-to-chromium@1.4.640:
    resolution: {integrity: sha512-z/6oZ/Muqk4BaE7P69bXhUhpJbUM9ZJeka43ZwxsDshKtePns4mhBlh8bU5+yrnOnz3fhG82XLzGUXazOmsWnA==}
    dev: true

  /emoji-regex@8.0.0:
    resolution: {integrity: sha512-MSjYzcWNOA0ewAHpz0MxpYFvwg6yjy1NG3xteoqz644VCo/RPgnr1/GGt+ic3iJTzQ8Eu3TdM14SawnVUmGE6A==}
    dev: true

  /emoji-regex@9.2.2:
    resolution: {integrity: sha512-L18DaJsXSUk2+42pv8mLs5jJT2hqFkFE4j21wOmgbUqsZ2hL72NsUU785g9RXgo3s0ZNgVl42TiHp3ZtOv/Vyg==}
    dev: true

  /enhanced-resolve@5.15.0:
    resolution: {integrity: sha512-LXYT42KJ7lpIKECr2mAXIaMldcNCh/7E0KBKOu4KSfkHmP+mZmSs+8V5gBAqisWBy0OO4W5Oyys0GO1Y8KtdKg==}
    engines: {node: '>=10.13.0'}
    dependencies:
      graceful-fs: 4.2.11
      tapable: 2.2.1
    dev: true

  /envinfo@7.10.0:
    resolution: {integrity: sha512-ZtUjZO6l5mwTHvc1L9+1q5p/R3wTopcfqMW8r5t8SJSKqeVI/LtajORwRFEKpEFuekjD0VBjwu1HMxL4UalIRw==}
    engines: {node: '>=4'}
    hasBin: true
    dev: true

  /es-module-lexer@1.4.1:
    resolution: {integrity: sha512-cXLGjP0c4T3flZJKQSuziYoq7MlT+rnvfZjfp7h+I7K9BNX54kP9nyWvdbwjQ4u1iWbOL4u96fgeZLToQlZC7w==}
    dev: true

  /escalade@3.1.1:
    resolution: {integrity: sha512-k0er2gUkLf8O0zKJiAhmkTnJlTvINGv7ygDNPbeIsX/TJjGJZHuh9B2UxbsaEkmlEo9MfhrSzmhIlhRlI2GXnw==}
    engines: {node: '>=6'}
    dev: true

  /eslint-scope@5.1.1:
    resolution: {integrity: sha512-2NxwbF/hZ0KpepYN0cNbo+FN6XoK7GaHlQhgx/hIZl6Va0bF45RQOOwhLIy8lQDbuCiadSLCBnH2CFYquit5bw==}
    engines: {node: '>=8.0.0'}
    dependencies:
      esrecurse: 4.3.0
      estraverse: 4.3.0
    dev: true

  /esrecurse@4.3.0:
    resolution: {integrity: sha512-KmfKL3b6G+RXvP8N1vr3Tq1kL/oCFgn2NYXEtqP8/L3pKapUA4G8cFVaoF3SU323CD4XypR/ffioHmkti6/Tag==}
    engines: {node: '>=4.0'}
    dependencies:
      estraverse: 5.3.0
    dev: true

  /estraverse@4.3.0:
    resolution: {integrity: sha512-39nnKffWz8xN1BU/2c79n9nB9HDzo0niYUqx6xyqUnyoAnQyyWpOTdZEeiCch8BBu515t4wp9ZmgVfVhn9EBpw==}
    engines: {node: '>=4.0'}
    dev: true

  /estraverse@5.3.0:
    resolution: {integrity: sha512-MMdARuVEQziNTeJD8DgMqmhwR11BRQ/cBP+pLtYdSTnf3MIO8fFeiINEbX36ZdNlfU/7A9f3gUw49B3oQsvwBA==}
    engines: {node: '>=4.0'}
    dev: true

  /events@3.3.0:
    resolution: {integrity: sha512-mQw+2fkQbALzQ7V0MY0IqdnXNOeTtP4r0lN9z7AAawCXgqea7bDii20AYrIBrFd/Hx0M2Ocz6S111CaFkUcb0Q==}
    engines: {node: '>=0.8.x'}
    dev: true

  /execa@5.1.1:
    resolution: {integrity: sha512-8uSpZZocAZRBAPIEINJj3Lo9HyGitllczc27Eh5YYojjMFMn8yHMDMaUHE2Jqfq05D/wucwI4JGURyXt1vchyg==}
    engines: {node: '>=10'}
    dependencies:
      cross-spawn: 7.0.3
      get-stream: 6.0.1
      human-signals: 2.1.0
      is-stream: 2.0.1
      merge-stream: 2.0.0
      npm-run-path: 4.0.1
      onetime: 5.1.2
      signal-exit: 3.0.7
      strip-final-newline: 2.0.0
    dev: true

  /fast-deep-equal@3.1.3:
    resolution: {integrity: sha512-f3qQ9oQy9j2AhBe/H9VC91wLmKBCCU/gDOnKNAYG5hswO7BLKj09Hc5HYNz9cGI++xlpDCIgDaitVs03ATR84Q==}
    dev: true

  /fast-json-stable-stringify@2.1.0:
    resolution: {integrity: sha512-lhd/wF+Lk98HZoTCtlVraHtfh5XYijIjalXck7saUtuanSDyLMxnHhSXEDJqHxD7msR8D0uCmqlkwjCV8xvwHw==}
    dev: true

  /fast-url-parser@1.1.3:
    resolution: {integrity: sha512-5jOCVXADYNuRkKFzNJ0dCCewsZiYo0dz8QNYljkOpFC6r2U4OBmKtvm/Tsuh4w1YYdDqDb31a8TVhBJ2OJKdqQ==}
    dependencies:
      punycode: 1.4.1
    dev: true

  /fastest-levenshtein@1.0.16:
    resolution: {integrity: sha512-eRnCtTTtGZFpQCwhJiUOuxPQWRXVKYDn0b2PeHfXL6/Zi53SLAzAHfVhVWK2AryC/WH05kGfxhFIPvTF0SXQzg==}
    engines: {node: '>= 4.9.1'}
    dev: true

  /find-up@4.1.0:
    resolution: {integrity: sha512-PpOwAdQ/YlXQ2vj8a3h8IipDuYRi3wceVQQGYWxNINccq40Anw7BlsEXCMbt1Zt+OLA6Fq9suIpIWD0OsnISlw==}
    engines: {node: '>=8'}
    dependencies:
      locate-path: 5.0.0
      path-exists: 4.0.0
    dev: true

  /get-stream@6.0.1:
    resolution: {integrity: sha512-ts6Wi+2j3jQjqi70w5AlN8DFnkSwC+MqmxEzdEALB2qXZYV3X/b1CTfgPLGJNMeAWxdPfU8FO1ms3NUfaHCPYg==}
    engines: {node: '>=10'}
    dev: true

  /glob-to-regexp@0.4.1:
    resolution: {integrity: sha512-lkX1HJXwyMcprw/5YUZc2s7DrpAiHB21/V+E1rHUrVNokkvB6bqMzT0VfV6/86ZNabt1k14YOIaT7nDvOX3Iiw==}
    dev: true

  /graceful-fs@4.2.11:
    resolution: {integrity: sha512-RbJ5/jmFcNNCcDV5o9eTnBLJ/HszWV0P73bc+Ff4nS/rJj+YaS6IGyiOL0VoBYX+l1Wrl3k63h/KrH+nhJ0XvQ==}
    dev: true

  /has-flag@4.0.0:
    resolution: {integrity: sha512-EykJT/Q1KjTWctppgIAgfSO0tKVuZUjhgMr17kqTumMl6Afv3EISleU7qZUzoXDFTAHTDC4NOoG/ZxU3EvlMPQ==}
    engines: {node: '>=8'}
    dev: true

  /has@1.0.4:
    resolution: {integrity: sha512-qdSAmqLF6209RFj4VVItywPMbm3vWylknmB3nvNiUIs72xAimcM8nVYxYr7ncvZq5qzk9MKIZR8ijqD/1QuYjQ==}
    engines: {node: '>= 0.4.0'}
    dev: true

  /human-signals@2.1.0:
    resolution: {integrity: sha512-B4FFZ6q/T2jhhksgkbEW3HBvWIfDW85snkQgawt07S7J5QXTk6BkNV+0yAeZrM5QpMAdYlocGoljn0sJ/WQkFw==}
    engines: {node: '>=10.17.0'}
    dev: true

  /import-local@3.1.0:
    resolution: {integrity: sha512-ASB07uLtnDs1o6EHjKpX34BKYDSqnFerfTOJL2HvMqF70LnxpjkzDB8J44oT9pu4AMPkQwf8jl6szgvNd2tRIg==}
    engines: {node: '>=8'}
    hasBin: true
    dependencies:
      pkg-dir: 4.2.0
      resolve-cwd: 3.0.0
    dev: true

  /ini@1.3.8:
    resolution: {integrity: sha512-JV/yugV2uzW5iMRSiZAyDtQd+nxtUnjeLt0acNdw98kKLrvuRVyB80tsREOE7yvGVgalhZ6RNXCmEHkUKBKxew==}
    dev: true

  /interpret@3.1.1:
    resolution: {integrity: sha512-6xwYfHbajpoF0xLW+iwLkhwgvLoZDfjYfoFNu8ftMoXINzwuymNLd9u/KmwtdT2GbR+/Cz66otEGEVVUHX9QLQ==}
    engines: {node: '>=10.13.0'}
    dev: true

  /is-core-module@2.13.0:
    resolution: {integrity: sha512-Z7dk6Qo8pOCp3l4tsX2C5ZVas4V+UxwQodwZhLopL91TX8UyyHEXafPcyoeeWuLrwzHcr3igO78wNLwHJHsMCQ==}
    dependencies:
      has: 1.0.4
    dev: true

  /is-docker@2.2.1:
    resolution: {integrity: sha512-F+i2BKsFrH66iaUFc0woD8sLy8getkwTwtOBjvs56Cx4CgJDeKQeqfz8wAYiSb8JOprWhHH5p77PbmYCvvUuXQ==}
    engines: {node: '>=8'}
    hasBin: true
    dev: true

  /is-fullwidth-code-point@3.0.0:
    resolution: {integrity: sha512-zymm5+u+sCsSWyD9qNaejV3DFvhCKclKdizYaJUuHA83RLjb7nSuGnddCHGv0hk+KY7BMAlsWeK4Ueg6EV6XQg==}
    engines: {node: '>=8'}
    dev: true

  /is-plain-object@2.0.4:
    resolution: {integrity: sha512-h5PpgXkWitc38BBMYawTYMWJHFZJVnBquFE57xFpjB8pJFiF6gZ+bU+WyI/yqXiFR5mdLsgYNaPe8uao6Uv9Og==}
    engines: {node: '>=0.10.0'}
    dependencies:
      isobject: 3.0.1
    dev: true

  /is-port-reachable@4.0.0:
    resolution: {integrity: sha512-9UoipoxYmSk6Xy7QFgRv2HDyaysmgSG75TFQs6S+3pDM7ZhKTF/bskZV+0UlABHzKjNVhPjYCLfeZUEg1wXxig==}
    engines: {node: ^12.20.0 || ^14.13.1 || >=16.0.0}
    dev: true

  /is-stream@2.0.1:
    resolution: {integrity: sha512-hFoiJiTl63nn+kstHGBtewWSKnQLpyb155KHheA1l39uvtO9nWIop1p3udqPcUd/xbF1VLMO4n7OI6p7RbngDg==}
    engines: {node: '>=8'}
    dev: true

  /is-wsl@2.2.0:
    resolution: {integrity: sha512-fKzAra0rGJUUBwGBgNkHZuToZcn+TtXHpeCgmkMJMMYx1sQDYaCSyjJBSCa2nH1DGm7s3n1oBnohoVTBaN7Lww==}
    engines: {node: '>=8'}
    dependencies:
      is-docker: 2.2.1
    dev: true

  /isexe@2.0.0:
    resolution: {integrity: sha512-RHxMLp9lnKHGHRng9QFhRCMbYAcVpn69smSGcq3f36xjgVVWThj4qqLbTLlq7Ssj8B+fIQ1EuCEGI2lKsyQeIw==}
    dev: true

  /isobject@3.0.1:
    resolution: {integrity: sha512-WhB9zCku7EGTj/HQQRz5aUQEUeoQZH2bWcltRErOpymJ4boYE6wL9Tbr23krRPSZ+C5zqNSrSw+Cc7sZZ4b7vg==}
    engines: {node: '>=0.10.0'}
    dev: true

  /jest-worker@27.5.1:
    resolution: {integrity: sha512-7vuh85V5cdDofPyxn58nrPjBktZo0u9x1g8WtjQol+jZDaE+fhN+cIvTj11GndBnMnyfrUOG1sZQxCdjKh+DKg==}
    engines: {node: '>= 10.13.0'}
    dependencies:
      '@types/node': 20.11.5
      merge-stream: 2.0.0
      supports-color: 8.1.1
    dev: true

  /json-parse-even-better-errors@2.3.1:
    resolution: {integrity: sha512-xyFwyhro/JEof6Ghe2iz2NcXoj2sloNsWr/XsERDK/oiPCfaNhl5ONfp+jQdAZRQQ0IJWNzH9zIZF7li91kh2w==}
    dev: true

  /json-schema-traverse@0.4.1:
    resolution: {integrity: sha512-xbbCH5dCYU5T8LcEhhuh7HJ88HXuW3qsI3Y0zOZFKfZEHcpWiHU/Jxzk629Brsab/mMiHQti9wMP+845RPe3Vg==}
    dev: true

  /json-schema-traverse@1.0.0:
    resolution: {integrity: sha512-NM8/P9n3XjXhIZn1lLhkFaACTOURQXjWhV4BA/RnOv8xvgqtqpAX9IO4mRQxSx1Rlo4tqzeqb0sOlruaOy3dug==}
    dev: true

  /kind-of@6.0.3:
    resolution: {integrity: sha512-dcS1ul+9tmeD95T+x28/ehLgd9mENa3LsvDTtzm3vyBEO7RPptvAD+t44WVXaUjTBRcrpFeFlC8WCruUR456hw==}
    engines: {node: '>=0.10.0'}
    dev: true

  /loader-runner@4.3.0:
    resolution: {integrity: sha512-3R/1M+yS3j5ou80Me59j7F9IMs4PXs3VqRrm0TU3AbKPxlmpoY1TNscJV/oGJXo8qCatFGTfDbY6W6ipGOYXfg==}
    engines: {node: '>=6.11.5'}
    dev: true

  /locate-path@5.0.0:
    resolution: {integrity: sha512-t7hw9pI+WvuwNJXwk5zVHpyhIqzg2qTlklJOf0mVxGSbe3Fp2VieZcduNYjaLDoy6p9uGpQEGWG87WpMKlNq8g==}
    engines: {node: '>=8'}
    dependencies:
      p-locate: 4.1.0
    dev: true

  /merge-stream@2.0.0:
    resolution: {integrity: sha512-abv/qOcuPfk3URPfDzmZU1LKmuw8kT+0nIHvKrKgFrwifol/doWcdA4ZqsWQ8ENrFKkd67Mfpo/LovbIUsbt3w==}
    dev: true

  /mime-db@1.33.0:
    resolution: {integrity: sha512-BHJ/EKruNIqJf/QahvxwQZXKygOQ256myeN/Ew+THcAa5q+PjyTTMMeNQC4DZw5AwfvelsUrA6B67NKMqXDbzQ==}
    engines: {node: '>= 0.6'}
    dev: true

  /mime-db@1.52.0:
    resolution: {integrity: sha512-sPU4uV7dYlvtWJxwwxHD0PuihVNiE7TyAbQ5SWxDCB9mUYvOgroQOwYQQOKPJ8CIbE+1ETVlOoK1UC2nU3gYvg==}
    engines: {node: '>= 0.6'}
    dev: true

  /mime-types@2.1.18:
    resolution: {integrity: sha512-lc/aahn+t4/SWV/qcmumYjymLsWfN3ELhpmVuUFjgsORruuZPVSwAQryq+HHGvO/SI2KVX26bx+En+zhM8g8hQ==}
    engines: {node: '>= 0.6'}
    dependencies:
      mime-db: 1.33.0
    dev: true

  /mime-types@2.1.35:
    resolution: {integrity: sha512-ZDY+bPm5zTTF+YpCrAU9nK0UgICYPT0QtT1NZWFv4s++TNkcgVaT0g6+4R2uI4MjQjzysHB1zxuWL50hzaeXiw==}
    engines: {node: '>= 0.6'}
    dependencies:
      mime-db: 1.52.0
    dev: true

  /mimic-fn@2.1.0:
    resolution: {integrity: sha512-OqbOk5oEQeAZ8WXWydlu9HJjz9WVdEIvamMCcXmuqUYjTknH/sqsWvhQ3vgwKFRR1HpjvNBKQ37nbJgYzGqGcg==}
    engines: {node: '>=6'}
    dev: true

  /minimatch@3.1.2:
    resolution: {integrity: sha512-J7p63hRiAjw1NDEww1W7i37+ByIrOWO5XQQAzZ3VOcL0PNybwpfmV/N05zFAzwQ9USyEcX6t3UO+K5aqBQOIHw==}
    dependencies:
      brace-expansion: 1.1.11
    dev: true

  /minimist@1.2.8:
    resolution: {integrity: sha512-2yyAR8qBkN3YuheJanUpWC5U3bb5osDywNB8RzDVlDwDHbocAJveqqj1u8+SVD7jkWT4yvsHCpWqqWqAxb0zCA==}
    dev: true

  /ms@2.0.0:
    resolution: {integrity: sha512-Tpp60P6IUJDTuOq/5Z8cdskzJujfwqfOTkrwIwj7IRISpnkJnT6SyJ4PCPnGMoFjC9ddhal5KVIYtAt97ix05A==}
    dev: true

  /negotiator@0.6.3:
    resolution: {integrity: sha512-+EUsqGPLsM+j/zdChZjsnX51g4XrHFOIXwfnCVPGlQk/k5giakcKsuxCObBRu6DSm9opw/O6slWbJdghQM4bBg==}
    engines: {node: '>= 0.6'}
    dev: true

  /neo-async@2.6.2:
    resolution: {integrity: sha512-Yd3UES5mWCSqR+qNT93S3UoYUkqAZ9lLg8a7g9rimsWmYGK8cVToA4/sF3RrshdyV3sAGMXVUmpMYOw+dLpOuw==}
    dev: true

  /node-releases@2.0.14:
    resolution: {integrity: sha512-y10wOWt8yZpqXmOgRo77WaHEmhYQYGNA6y421PKsKYWEK8aW+cqAphborZDhqfyKrbZEN92CN1X2KbafY2s7Yw==}
    dev: true

  /npm-run-path@4.0.1:
    resolution: {integrity: sha512-S48WzZW777zhNIrn7gxOlISNAqi9ZC/uQFnRdbeIHhZhCA6UqpkOT8T1G7BvfdgP4Er8gF4sUbaS0i7QvIfCWw==}
    engines: {node: '>=8'}
    dependencies:
      path-key: 3.1.1
    dev: true

  /on-headers@1.0.2:
    resolution: {integrity: sha512-pZAE+FJLoyITytdqK0U5s+FIpjN0JP3OzFi/u8Rx+EV5/W+JTWGXG8xFzevE7AjBfDqHv/8vL8qQsIhHnqRkrA==}
    engines: {node: '>= 0.8'}
    dev: true

  /onetime@5.1.2:
    resolution: {integrity: sha512-kbpaSSGJTWdAY5KPVeMOKXSrPtr8C8C7wodJbcsd51jRnmD+GZu8Y0VoU6Dm5Z4vWr0Ig/1NKuWRKf7j5aaYSg==}
    engines: {node: '>=6'}
    dependencies:
      mimic-fn: 2.1.0
    dev: true

  /p-limit@2.3.0:
    resolution: {integrity: sha512-//88mFWSJx8lxCzwdAABTJL2MyWB12+eIY7MDL2SqLmAkeKU9qxRvWuSyTjm3FUmpBEMuFfckAIqEaVGUDxb6w==}
    engines: {node: '>=6'}
    dependencies:
      p-try: 2.2.0
    dev: true

  /p-locate@4.1.0:
    resolution: {integrity: sha512-R79ZZ/0wAxKGu3oYMlz8jy/kbhsNrS7SKZ7PxEHBgJ5+F2mtFW2fK2cOtBh1cHYkQsbzFV7I+EoRKe6Yt0oK7A==}
    engines: {node: '>=8'}
    dependencies:
      p-limit: 2.3.0
    dev: true

  /p-try@2.2.0:
    resolution: {integrity: sha512-R4nPAVTAU0B9D35/Gk3uJf/7XYbQcyohSKdvAxIRSNghFl4e71hVoGnBNQz9cWaXxO2I10KTC+3jMdvvoKw6dQ==}
    engines: {node: '>=6'}
    dev: true

  /path-exists@4.0.0:
    resolution: {integrity: sha512-ak9Qy5Q7jYb2Wwcey5Fpvg2KoAc/ZIhLSLOSBmRmygPsGwkVVt0fZa0qrtMz+m6tJTAHfZQ8FnmB4MG4LWy7/w==}
    engines: {node: '>=8'}
    dev: true

  /path-is-inside@1.0.2:
    resolution: {integrity: sha512-DUWJr3+ULp4zXmol/SZkFf3JGsS9/SIv+Y3Rt93/UjPpDpklB5f1er4O3POIbUuUJ3FXgqte2Q7SrU6zAqwk8w==}
    dev: true

  /path-key@3.1.1:
    resolution: {integrity: sha512-ojmeN0qd+y0jszEtoY48r0Peq5dwMEkIlCOu6Q5f41lfkswXuKtYrhgoTpLnyIcHm24Uhqx+5Tqm2InSwLhE6Q==}
    engines: {node: '>=8'}
    dev: true

  /path-parse@1.0.7:
    resolution: {integrity: sha512-LDJzPVEEEPR+y48z93A0Ed0yXb8pAByGWo/k5YYdYgpY2/2EsOsksJrq7lOHxryrVOn1ejG6oAp8ahvOIQD8sw==}
    dev: true

  /path-to-regexp@2.2.1:
    resolution: {integrity: sha512-gu9bD6Ta5bwGrrU8muHzVOBFFREpp2iRkVfhBJahwJ6p6Xw20SjT0MxLnwkjOibQmGSYhiUnf2FLe7k+jcFmGQ==}
    dev: true

  /picocolors@1.0.0:
    resolution: {integrity: sha512-1fygroTLlHu66zi26VoTDv8yRgm0Fccecssto+MhsZ0D/DGW2sm8E8AjW7NU5VVTRt5GxbeZ5qBuJr+HyLYkjQ==}
    dev: true

  /pkg-dir@4.2.0:
    resolution: {integrity: sha512-HRDzbaKjC+AOWVXxAU/x54COGeIv9eb+6CkDSQoNTt4XyWoIJvuPsXizxu/Fr23EiekbtZwmh1IcIG/l/a10GQ==}
    engines: {node: '>=8'}
    dependencies:
      find-up: 4.1.0
    dev: true

  /punycode@1.4.1:
    resolution: {integrity: sha512-jmYNElW7yvO7TV33CjSmvSiE2yco3bV2czu/OzDKdMNVZQWfxCblURLhf+47syQRBntjfLdd/H0egrzIG+oaFQ==}
    dev: true

  /punycode@2.3.0:
    resolution: {integrity: sha512-rRV+zQD8tVFys26lAGR9WUuS4iUAngJScM+ZRSKtvl5tKeZ2t5bvdNFdNHBW9FWR4guGHlgmsZ1G7BSm2wTbuA==}
    engines: {node: '>=6'}
    dev: true

  /randombytes@2.1.0:
    resolution: {integrity: sha512-vYl3iOX+4CKUWuxGi9Ukhie6fsqXqS9FE2Zaic4tNFD2N2QQaXOMFbuKK4QmDHC0JO6B1Zp41J0LpT0oR68amQ==}
    dependencies:
      safe-buffer: 5.2.1
    dev: true

  /range-parser@1.2.0:
    resolution: {integrity: sha512-kA5WQoNVo4t9lNx2kQNFCxKeBl5IbbSNBl1M/tLkw9WCn+hxNBAW5Qh8gdhs63CJnhjJ2zQWFoqPJP2sK1AV5A==}
    engines: {node: '>= 0.6'}
    dev: true

  /rc@1.2.8:
    resolution: {integrity: sha512-y3bGgqKj3QBdxLbLkomlohkvsA8gdAiUQlSBJnBhfn+BPxg4bc62d8TcBW15wavDfgexCgccckhcZvywyQYPOw==}
    hasBin: true
    dependencies:
      deep-extend: 0.6.0
      ini: 1.3.8
      minimist: 1.2.8
      strip-json-comments: 2.0.1
    dev: true

  /rechoir@0.8.0:
    resolution: {integrity: sha512-/vxpCXddiX8NGfGO/mTafwjq4aFa/71pvamip0++IQk3zG8cbCj0fifNPrjjF1XMXUne91jL9OoxmdykoEtifQ==}
    engines: {node: '>= 10.13.0'}
    dependencies:
      resolve: 1.22.6
    dev: true

  /registry-auth-token@3.3.2:
    resolution: {integrity: sha512-JL39c60XlzCVgNrO+qq68FoNb56w/m7JYvGR2jT5iR1xBrUA3Mfx5Twk5rqTThPmQKMWydGmq8oFtDlxfrmxnQ==}
    dependencies:
      rc: 1.2.8
      safe-buffer: 5.2.1
    dev: true

  /registry-url@3.1.0:
    resolution: {integrity: sha512-ZbgR5aZEdf4UKZVBPYIgaglBmSF2Hi94s2PcIHhRGFjKYu+chjJdYfHn4rt3hB6eCKLJ8giVIIfgMa1ehDfZKA==}
    engines: {node: '>=0.10.0'}
    dependencies:
      rc: 1.2.8
    dev: true

  /require-from-string@2.0.2:
    resolution: {integrity: sha512-Xf0nWe6RseziFMu+Ap9biiUbmplq6S9/p+7w7YXP/JBHhrUDDUhwa+vANyubuqfZWTveU//DYVGsDG7RKL/vEw==}
    engines: {node: '>=0.10.0'}
    dev: true

  /resolve-cwd@3.0.0:
    resolution: {integrity: sha512-OrZaX2Mb+rJCpH/6CpSqt9xFVpN++x01XnN2ie9g6P5/3xelLAkXWVADpdz1IHD/KFfEXyE6V0U01OQ3UO2rEg==}
    engines: {node: '>=8'}
    dependencies:
      resolve-from: 5.0.0
    dev: true

  /resolve-from@5.0.0:
    resolution: {integrity: sha512-qYg9KP24dD5qka9J47d0aVky0N+b4fTU89LN9iDnjB5waksiC49rvMB0PrUJQGoTmH50XPiqOvAjDfaijGxYZw==}
    engines: {node: '>=8'}
    dev: true

  /resolve@1.22.6:
    resolution: {integrity: sha512-njhxM7mV12JfufShqGy3Rz8j11RPdLy4xi15UurGJeoHLfJpVXKdh3ueuOqbYUcDZnffr6X739JBo5LzyahEsw==}
    hasBin: true
    dependencies:
      is-core-module: 2.13.0
      path-parse: 1.0.7
      supports-preserve-symlinks-flag: 1.0.0
    dev: true

  /safe-buffer@5.1.2:
    resolution: {integrity: sha512-Gd2UZBJDkXlY7GbJxfsE8/nvKkUEU1G38c1siN6QP6a9PT9MmHB8GnpscSmMJSoF8LOIrt8ud/wPtojys4G6+g==}
    dev: true

  /safe-buffer@5.2.1:
    resolution: {integrity: sha512-rp3So07KcdmmKbGvgaNxQSJr7bGVSVk5S9Eq1F+ppbRo70+YeaDxkw5Dd8NPN+GD6bjnYm2VuPuCXmpuYvmCXQ==}
    dev: true

  /schema-utils@3.3.0:
    resolution: {integrity: sha512-pN/yOAvcC+5rQ5nERGuwrjLlYvLTbCibnZ1I7B1LaiAz9BRBlE9GMgE/eqV30P7aJQUf7Ddimy/RsbYO/GrVGg==}
    engines: {node: '>= 10.13.0'}
    dependencies:
      '@types/json-schema': 7.0.15
      ajv: 6.12.6
      ajv-keywords: 3.5.2(ajv@6.12.6)
    dev: true

  /serialize-javascript@6.0.2:
    resolution: {integrity: sha512-Saa1xPByTTq2gdeFZYLLo+RFE35NHZkAbqZeWNd3BpzppeVisAqpDjcp8dyf6uIvEqJRd46jemmyA4iFIeVk8g==}
    dependencies:
      randombytes: 2.1.0
    dev: true

  /serve-handler@6.1.5:
    resolution: {integrity: sha512-ijPFle6Hwe8zfmBxJdE+5fta53fdIY0lHISJvuikXB3VYFafRjMRpOffSPvCYsbKyBA7pvy9oYr/BT1O3EArlg==}
    dependencies:
      bytes: 3.0.0
      content-disposition: 0.5.2
      fast-url-parser: 1.1.3
      mime-types: 2.1.18
      minimatch: 3.1.2
      path-is-inside: 1.0.2
      path-to-regexp: 2.2.1
      range-parser: 1.2.0
    dev: true

  /serve@14.2.1:
    resolution: {integrity: sha512-48er5fzHh7GCShLnNyPBRPEjs2I6QBozeGr02gaacROiyS/8ARADlj595j39iZXAqBbJHH/ivJJyPRWY9sQWZA==}
    engines: {node: '>= 14'}
    hasBin: true
    dependencies:
      '@zeit/schemas': 2.29.0
      ajv: 8.11.0
      arg: 5.0.2
      boxen: 7.0.0
      chalk: 5.0.1
      chalk-template: 0.4.0
      clipboardy: 3.0.0
      compression: 1.7.4
      is-port-reachable: 4.0.0
      serve-handler: 6.1.5
      update-check: 1.5.4
    transitivePeerDependencies:
      - supports-color
    dev: true

  /shallow-clone@3.0.1:
    resolution: {integrity: sha512-/6KqX+GVUdqPuPPd2LxDDxzX6CAbjJehAAOKlNpqqUpAqPM6HeL8f+o3a+JsyGjn2lv0WY8UsTgUJjU9Ok55NA==}
    engines: {node: '>=8'}
    dependencies:
      kind-of: 6.0.3
    dev: true

  /shebang-command@2.0.0:
    resolution: {integrity: sha512-kHxr2zZpYtdmrN1qDjrrX/Z1rR1kG8Dx+gkpK1G4eXmvXswmcE1hTWBWYUzlraYw1/yZp6YuDY77YtvbN0dmDA==}
    engines: {node: '>=8'}
    dependencies:
      shebang-regex: 3.0.0
    dev: true

  /shebang-regex@3.0.0:
    resolution: {integrity: sha512-7++dFhtcx3353uBaq8DDR4NuxBetBzC7ZQOhmTQInHEd6bSrXdiEyzCvG07Z44UYdLShWUyXt5M/yhz8ekcb1A==}
    engines: {node: '>=8'}
    dev: true

  /signal-exit@3.0.7:
    resolution: {integrity: sha512-wnD2ZE+l+SPC/uoS0vXeE9L1+0wuaMqKlfz9AMUo38JsyLSBWSFcHR1Rri62LZc12vLr1gb3jl7iwQhgwpAbGQ==}
    dev: true

  /source-map-support@0.5.21:
    resolution: {integrity: sha512-uBHU3L3czsIyYXKX88fdrGovxdSCoTGDRZ6SYXtSRxLZUzHg5P/66Ht6uoUlHu9EZod+inXhKo3qQgwXUT/y1w==}
    dependencies:
      buffer-from: 1.1.2
      source-map: 0.6.1
    dev: true

  /source-map@0.6.1:
    resolution: {integrity: sha512-UjgapumWlbMhkBgzT7Ykc5YXUT46F0iKu8SGXq0bcwP5dz/h0Plj6enJqjz1Zbq2l5WaqYnrVbwWOWMyF3F47g==}
    engines: {node: '>=0.10.0'}
    dev: true

  /string-width@4.2.3:
    resolution: {integrity: sha512-wKyQRQpjJ0sIp62ErSZdGsjMJWsap5oRNihHhu6G7JVO/9jIB6UyevL+tXuOqrng8j/cxKTWyWUwvSTriiZz/g==}
    engines: {node: '>=8'}
    dependencies:
      emoji-regex: 8.0.0
      is-fullwidth-code-point: 3.0.0
      strip-ansi: 6.0.1
    dev: true

  /string-width@5.1.2:
    resolution: {integrity: sha512-HnLOCR3vjcY8beoNLtcjZ5/nxn2afmME6lhrDrebokqMap+XbeW8n9TXpPDOqdGK5qcI3oT0GKTW6wC7EMiVqA==}
    engines: {node: '>=12'}
    dependencies:
      eastasianwidth: 0.2.0
      emoji-regex: 9.2.2
      strip-ansi: 7.1.0
    dev: true

  /strip-ansi@6.0.1:
    resolution: {integrity: sha512-Y38VPSHcqkFrCpFnQ9vuSXmquuv5oXOKpGeT6aGrr3o3Gc9AlVa6JBfUSOCnbxGGZF+/0ooI7KrPuUSztUdU5A==}
    engines: {node: '>=8'}
    dependencies:
      ansi-regex: 5.0.1
    dev: true

  /strip-ansi@7.1.0:
    resolution: {integrity: sha512-iq6eVVI64nQQTRYq2KtEg2d2uU7LElhTJwsH4YzIHZshxlgZms/wIc4VoDQTlG/IvVIrBKG06CrZnp0qv7hkcQ==}
    engines: {node: '>=12'}
    dependencies:
      ansi-regex: 6.0.1
    dev: true

  /strip-final-newline@2.0.0:
    resolution: {integrity: sha512-BrpvfNAE3dcvq7ll3xVumzjKjZQ5tI1sEUIKr3Uoks0XUl45St3FlatVqef9prk4jRDzhW6WZg+3bk93y6pLjA==}
    engines: {node: '>=6'}
    dev: true

  /strip-json-comments@2.0.1:
    resolution: {integrity: sha512-4gB8na07fecVVkOI6Rs4e7T6NOTki5EmL7TUduTs6bu3EdnSycntVJ4re8kgZA+wx9IueI2Y11bfbgwtzuE0KQ==}
    engines: {node: '>=0.10.0'}
    dev: true

  /supports-color@7.2.0:
    resolution: {integrity: sha512-qpCAvRl9stuOHveKsn7HncJRvv501qIacKzQlO/+Lwxc9+0q2wLyv4Dfvt80/DPn2pqOBsJdDiogXGR9+OvwRw==}
    engines: {node: '>=8'}
    dependencies:
      has-flag: 4.0.0
    dev: true

  /supports-color@8.1.1:
    resolution: {integrity: sha512-MpUEN2OodtUzxvKQl72cUF7RQ5EiHsGvSsVG0ia9c5RbWGL2CI4C7EpPS8UTBIplnlzZiNuV56w+FuNxy3ty2Q==}
    engines: {node: '>=10'}
    dependencies:
      has-flag: 4.0.0
    dev: true

  /supports-preserve-symlinks-flag@1.0.0:
    resolution: {integrity: sha512-ot0WnXS9fgdkgIcePe6RHNk1WA8+muPa6cSjeR3V8K27q9BB1rTE3R1p7Hv0z1ZyAc8s6Vvv8DIyWf681MAt0w==}
    engines: {node: '>= 0.4'}
    dev: true

  /tapable@2.2.1:
    resolution: {integrity: sha512-GNzQvQTOIP6RyTfE2Qxb8ZVlNmw0n88vp1szwWRimP02mnTsx3Wtn5qRdqY9w2XduFNUgvOwhNnQsjwCp+kqaQ==}
    engines: {node: '>=6'}
    dev: true

  /terser-webpack-plugin@5.3.10(webpack@5.89.0):
    resolution: {integrity: sha512-BKFPWlPDndPs+NGGCr1U59t0XScL5317Y0UReNrHaw9/FwhPENlq6bfgs+4yPfyP51vqC1bQ4rp1EfXW5ZSH9w==}
    engines: {node: '>= 10.13.0'}
    peerDependencies:
      '@swc/core': '*'
      esbuild: '*'
      uglify-js: '*'
      webpack: ^5.1.0
    peerDependenciesMeta:
      '@swc/core':
        optional: true
      esbuild:
        optional: true
      uglify-js:
        optional: true
    dependencies:
      '@jridgewell/trace-mapping': 0.3.22
      jest-worker: 27.5.1
      schema-utils: 3.3.0
      serialize-javascript: 6.0.2
      terser: 5.27.0
      webpack: 5.89.0(webpack-cli@5.1.4)
    dev: true

  /terser@5.27.0:
    resolution: {integrity: sha512-bi1HRwVRskAjheeYl291n3JC4GgO/Ty4z1nVs5AAsmonJulGxpSektecnNedrwK9C7vpvVtcX3cw00VSLt7U2A==}
    engines: {node: '>=10'}
    hasBin: true
    dependencies:
      '@jridgewell/source-map': 0.3.5
      acorn: 8.11.3
      commander: 2.20.3
      source-map-support: 0.5.21
    dev: true

  /type-fest@2.19.0:
    resolution: {integrity: sha512-RAH822pAdBgcNMAfWnCBU3CFZcfZ/i1eZjwFU/dsLKumyuuP3niueg2UAukXYF0E2AAoc82ZSSf9J0WQBinzHA==}
    engines: {node: '>=12.20'}
    dev: true

  /undici-types@5.26.5:
    resolution: {integrity: sha512-JlCMO+ehdEIKqlFxk6IfVoAUVmgz7cU7zD/h9XZ0qzeosSHmUJVOzSQvvYSYWXkFXC+IfLKSIffhv0sVZup6pA==}
    dev: true

  /update-browserslist-db@1.0.13(browserslist@4.22.2):
    resolution: {integrity: sha512-xebP81SNcPuNpPP3uzeW1NYXxI3rxyJzF3pD6sH4jE7o/IX+WtSpwnVU+qIsDPyk0d3hmFQ7mjqc6AtV604hbg==}
    hasBin: true
    peerDependencies:
      browserslist: '>= 4.21.0'
    dependencies:
      browserslist: 4.22.2
      escalade: 3.1.1
      picocolors: 1.0.0
    dev: true

  /update-check@1.5.4:
    resolution: {integrity: sha512-5YHsflzHP4t1G+8WGPlvKbJEbAJGCgw+Em+dGR1KmBUbr1J36SJBqlHLjR7oob7sco5hWHGQVcr9B2poIVDDTQ==}
    dependencies:
      registry-auth-token: 3.3.2
      registry-url: 3.1.0
    dev: true

  /uri-js@4.4.1:
    resolution: {integrity: sha512-7rKUyy33Q1yc98pQ1DAmLtwX109F7TIfWlW1Ydo8Wl1ii1SeHieeh0HHfPeL2fMXK6z0s8ecKs9frCuLJvndBg==}
    dependencies:
      punycode: 2.3.0
    dev: true

  /vary@1.1.2:
    resolution: {integrity: sha512-BNGbWLfd0eUPabhkXUVm0j8uuvREyTh5ovRa/dyow/BqAbZJyC+5fU+IzQOzmAKzYqYRAISoRhdQr3eIZ/PXqg==}
    engines: {node: '>= 0.8'}
    dev: true

  /watchpack@2.4.0:
    resolution: {integrity: sha512-Lcvm7MGST/4fup+ifyKi2hjyIAwcdI4HRgtvTpIUxBRhB+RFtUh8XtDOxUfctVCnhVi+QQj49i91OyvzkJl6cg==}
    engines: {node: '>=10.13.0'}
    dependencies:
      glob-to-regexp: 0.4.1
      graceful-fs: 4.2.11
    dev: true

  /webpack-cli@5.1.4(webpack@5.89.0):
    resolution: {integrity: sha512-pIDJHIEI9LR0yxHXQ+Qh95k2EvXpWzZ5l+d+jIo+RdSm9MiHfzazIxwwni/p7+x4eJZuvG1AJwgC4TNQ7NRgsg==}
    engines: {node: '>=14.15.0'}
    hasBin: true
    peerDependencies:
      '@webpack-cli/generators': '*'
      webpack: 5.x.x
      webpack-bundle-analyzer: '*'
      webpack-dev-server: '*'
    peerDependenciesMeta:
      '@webpack-cli/generators':
        optional: true
      webpack-bundle-analyzer:
        optional: true
      webpack-dev-server:
        optional: true
    dependencies:
      '@discoveryjs/json-ext': 0.5.7
      '@webpack-cli/configtest': 2.1.1(webpack-cli@5.1.4)(webpack@5.89.0)
      '@webpack-cli/info': 2.0.2(webpack-cli@5.1.4)(webpack@5.89.0)
      '@webpack-cli/serve': 2.0.5(webpack-cli@5.1.4)(webpack@5.89.0)
      colorette: 2.0.20
      commander: 10.0.1
      cross-spawn: 7.0.3
      envinfo: 7.10.0
      fastest-levenshtein: 1.0.16
      import-local: 3.1.0
      interpret: 3.1.1
      rechoir: 0.8.0
      webpack: 5.89.0(webpack-cli@5.1.4)
      webpack-merge: 5.9.0
    dev: true

  /webpack-merge@5.9.0:
    resolution: {integrity: sha512-6NbRQw4+Sy50vYNTw7EyOn41OZItPiXB8GNv3INSoe3PSFaHJEz3SHTrYVaRm2LilNGnFUzh0FAwqPEmU/CwDg==}
    engines: {node: '>=10.0.0'}
    dependencies:
      clone-deep: 4.0.1
      wildcard: 2.0.1
    dev: true

  /webpack-sources@3.2.3:
    resolution: {integrity: sha512-/DyMEOrDgLKKIG0fmvtz+4dUX/3Ghozwgm6iPp8KRhvn+eQf9+Q7GWxVNMk3+uCPWfdXYC4ExGBckIXdFEfH1w==}
    engines: {node: '>=10.13.0'}
    dev: true

  /webpack@5.89.0(webpack-cli@5.1.4):
    resolution: {integrity: sha512-qyfIC10pOr70V+jkmud8tMfajraGCZMBWJtrmuBymQKCrLTRejBI8STDp1MCyZu/QTdZSeacCQYpYNQVOzX5kw==}
    engines: {node: '>=10.13.0'}
    hasBin: true
    peerDependencies:
      webpack-cli: '*'
    peerDependenciesMeta:
      webpack-cli:
        optional: true
    dependencies:
      '@types/eslint-scope': 3.7.7
      '@types/estree': 1.0.5
      '@webassemblyjs/ast': 1.11.6
      '@webassemblyjs/wasm-edit': 1.11.6
      '@webassemblyjs/wasm-parser': 1.11.6
      acorn: 8.11.3
      acorn-import-assertions: 1.9.0(acorn@8.11.3)
      browserslist: 4.22.2
      chrome-trace-event: 1.0.3
      enhanced-resolve: 5.15.0
      es-module-lexer: 1.4.1
      eslint-scope: 5.1.1
      events: 3.3.0
      glob-to-regexp: 0.4.1
      graceful-fs: 4.2.11
      json-parse-even-better-errors: 2.3.1
      loader-runner: 4.3.0
      mime-types: 2.1.35
      neo-async: 2.6.2
      schema-utils: 3.3.0
      tapable: 2.2.1
      terser-webpack-plugin: 5.3.10(webpack@5.89.0)
      watchpack: 2.4.0
      webpack-cli: 5.1.4(webpack@5.89.0)
      webpack-sources: 3.2.3
    transitivePeerDependencies:
      - '@swc/core'
      - esbuild
      - uglify-js
    dev: true

  /which@2.0.2:
    resolution: {integrity: sha512-BLI3Tl1TW3Pvl70l3yq3Y64i+awpwXqsGBYWkkqMtnbXgrMD+yj7rhW0kuEDxzJaYXGjEW5ogapKNMEKNMjibA==}
    engines: {node: '>= 8'}
    hasBin: true
    dependencies:
      isexe: 2.0.0
    dev: true

  /widest-line@4.0.1:
    resolution: {integrity: sha512-o0cyEG0e8GPzT4iGHphIOh0cJOV8fivsXxddQasHPHfoZf1ZexrfeA21w2NaEN1RHE+fXlfISmOE8R9N3u3Qig==}
    engines: {node: '>=12'}
    dependencies:
      string-width: 5.1.2
    dev: true

  /wildcard@2.0.1:
    resolution: {integrity: sha512-CC1bOL87PIWSBhDcTrdeLo6eGT7mCFtrg0uIJtqJUFyK+eJnzl8A1niH56uu7KMa5XFrtiV+AQuHO3n7DsHnLQ==}
    dev: true

  /wrap-ansi@8.1.0:
    resolution: {integrity: sha512-si7QWI6zUMq56bESFvagtmzMdGOtoxfR+Sez11Mobfc7tm+VkUckk9bW2UeffTGVUbOksxmSw0AA2gs8g71NCQ==}
    engines: {node: '>=12'}
    dependencies:
      ansi-styles: 6.2.1
      string-width: 5.1.2
      strip-ansi: 7.1.0
    dev: true
